
Microsoft Visual Studio Solution File, Format Version 12.00
# Visual Studio 15
VisualStudioVersion = 15.0.28010.2048
MinimumVisualStudioVersion = 10.0.40219.1
Project("{FAE04EC0-301F-11D3-BF4B-00C04F79EFBC}") = "Instrumentation", "Instrumentation\Instrumentation.csproj", "{6E9B7C7C-00D1-4FCE-92B6-3B5FFEAA266A}"
EndProject
Global
	GlobalSection(SolutionConfigurationPlatforms) = preSolution
		Debug|Any CPU = Debug|Any CPU
		Release|Any CPU = Release|Any CPU
	EndGlobalSection
	GlobalSection(ProjectConfigurationPlatforms) = postSolution
		{6E9B7C7C-00D1-4FCE-92B6-3B5FFEAA266A}.Debug|Any CPU.ActiveCfg = Debug|Any CPU
		{6E9B7C7C-00D1-4FCE-92B6-3B5FFEAA266A}.Debug|Any CPU.Build.0 = Debug|Any CPU
		{6E9B7C7C-00D1-4FCE-92B6-3B5FFEAA266A}.Release|Any CPU.ActiveCfg = Release|Any CPU
		{6E9B7C7C-00D1-4FCE-92B6-3B5FFEAA266A}.Release|Any CPU.Build.0 = Release|Any CPU
	EndGlobalSection
	GlobalSection(SolutionProperties) = preSolution
		HideSolutionNode = FALSE
	EndGlobalSection
	GlobalSection(ExtensibilityGlobals) = postSolution
		SolutionGuid = {EFC7E366-B34E-4BEC-B892-B52FFACD23D8}
	EndGlobalSection
EndGlobal
