
Microsoft Visual Studio Solution File, Format Version 12.00
# Visual Studio 15
VisualStudioVersion = 15.0.28010.2048
MinimumVisualStudioVersion = 10.0.40219.1
Project("{FAE04EC0-301F-11D3-BF4B-00C04F79EFBC}") = "MathTypes", "MathTypes\MathTypes.csproj", "{D37B2273-1E8E-4B0B-9E57-CD7456A5E0A2}"
EndProject
Project("{FAE04EC0-301F-11D3-BF4B-00C04F79EFBC}") = "MathServiceHost", "MathServiceHost\MathServiceHost.csproj", "{014450BC-EF3D-437B-98E0-7F168743C85E}"
EndProject
Project("{FAE04EC0-301F-11D3-BF4B-00C04F79EFBC}") = "MathClient", "MathClient\MathClient.csproj", "{DA26107D-65B5-4F2A-90D9-9836E8DE598B}"
EndProject
Global
	GlobalSection(SolutionConfigurationPlatforms) = preSolution
		Debug|Any CPU = Debug|Any CPU
		Release|Any CPU = Release|Any CPU
	EndGlobalSection
	GlobalSection(ProjectConfigurationPlatforms) = postSolution
		{D37B2273-1E8E-4B0B-9E57-CD7456A5E0A2}.Debug|Any CPU.ActiveCfg = Debug|Any CPU
		{D37B2273-1E8E-4B0B-9E57-CD7456A5E0A2}.Debug|Any CPU.Build.0 = Debug|Any CPU
		{D37B2273-1E8E-4B0B-9E57-CD7456A5E0A2}.Release|Any CPU.ActiveCfg = Release|Any CPU
		{D37B2273-1E8E-4B0B-9E57-CD7456A5E0A2}.Release|Any CPU.Build.0 = Release|Any CPU
		{014450BC-EF3D-437B-98E0-7F168743C85E}.Debug|Any CPU.ActiveCfg = Debug|Any CPU
		{014450BC-EF3D-437B-98E0-7F168743C85E}.Debug|Any CPU.Build.0 = Debug|Any CPU
		{014450BC-EF3D-437B-98E0-7F168743C85E}.Release|Any CPU.ActiveCfg = Release|Any CPU
		{014450BC-EF3D-437B-98E0-7F168743C85E}.Release|Any CPU.Build.0 = Release|Any CPU
		{DA26107D-65B5-4F2A-90D9-9836E8DE598B}.Debug|Any CPU.ActiveCfg = Debug|Any CPU
		{DA26107D-65B5-4F2A-90D9-9836E8DE598B}.Debug|Any CPU.Build.0 = Debug|Any CPU
		{DA26107D-65B5-4F2A-90D9-9836E8DE598B}.Release|Any CPU.ActiveCfg = Release|Any CPU
		{DA26107D-65B5-4F2A-90D9-9836E8DE598B}.Release|Any CPU.Build.0 = Release|Any CPU
	EndGlobalSection
	GlobalSection(SolutionProperties) = preSolution
		HideSolutionNode = FALSE
	EndGlobalSection
	GlobalSection(ExtensibilityGlobals) = postSolution
		SolutionGuid = {EAC75DBB-05E7-429A-9502-346BC72DA45A}
	EndGlobalSection
EndGlobal
